<?xml version="1.0" encoding="utf-8"?>
<Project ToolsVersion="4.0" xmlns="http://schemas.microsoft.com/developer/msbuild/2003">
  <ItemGroup>
    <Filter Include="Source Files">
      <UniqueIdentifier>{4FC737F1-C7A5-4376-A066-2A32D752A2FF}</UniqueIdentifier>
      <Extensions>cpp;c;cc;cxx;def;odl;idl;hpj;bat;asm;asmx</Extensions>
    </Filter>
    <Filter Include="Header Files">
      <UniqueIdentifier>{93995380-89BD-4b04-88EB-625FBE52EBFB}</UniqueIdentifier>
      <Extensions>h;hh;hpp;hxx;hm;inl;inc;xsd</Extensions>
    </Filter>
    <Filter Include="Resource Files">
      <UniqueIdentifier>{67DA6AB6-F800-4c08-8B7A-83BB121AAD01}</UniqueIdentifier>
      <Extensions>rc;ico;cur;bmp;dlg;rc2;rct;bin;rgs;gif;jpg;jpeg;jpe;resx;tiff;tif;png;wav;mfcribbon-ms</Extensions>
    </Filter>
  </ItemGroup>
  <ItemGroup>
    <ClCompile Include="game_board.cpp">
      <Filter>Source Files</Filter>
    </ClCompile>
    <ClCompile Include="gol_model.cpp">
      <Filter>Source Files</Filter>
    </ClCompile>
    <ClCompile Include="gol_model_manager.cpp">
      <Filter>Source Files</Filter>
    </ClCompile>
    <ClCompile Include="main.cpp">
      <Filter>Source Files</Filter>
    </ClCompile>
    <ClCompile Include="pipeline.cpp">
      <Filter>Source Files</Filter>
    </ClCompile>
    <ClCompile Include="shader.cpp">
      <Filter>Source Files</Filter>
    </ClCompile>
    <ClCompile Include="utility\utility.cpp">
      <Filter>Source Files</Filter>
    </ClCompile>
    <ClCompile Include="utility\utility_assimp_math.cpp">
      <Filter>Source Files</Filter>
    </ClCompile>
    <ClCompile Include="utility\utility_debug.cpp">
      <Filter>Source Files</Filter>
    </ClCompile>
    <ClCompile Include="utility\utility_gl.cpp">
      <Filter>Source Files</Filter>
    </ClCompile>
    <ClCompile Include="utility\utility_gl_uni_loc.cpp">
      <Filter>Source Files</Filter>
    </ClCompile>
    <ClCompile Include="utility\utility_math.cpp">
      <Filter>Source Files</Filter>
    </ClCompile>
    <ClCompile Include="utility\utility_sdl.cpp">
      <Filter>Source Files</Filter>
    </ClCompile>
    <ClCompile Include="model\EG_ImportedModel.cpp">
      <Filter>Source Files</Filter>
    </ClCompile>
    <ClCompile Include="model\EG_Mesh.cpp">
      <Filter>Source Files</Filter>
    </ClCompile>
    <ClCompile Include="model\EG_ModelABS.cpp">
      <Filter>Source Files</Filter>
    </ClCompile>
    <ClCompile Include="model\texture.cpp">
      <Filter>Source Files</Filter>
    </ClCompile>
    <ClCompile Include="renderer\renderer.cpp">
      <Filter>Source Files</Filter>
    </ClCompile>
    <ClCompile Include="renderer\renderer_manager.cpp">
      <Filter>Source Files</Filter>
    </ClCompile>
    <ClCompile Include="gui\button.cpp">
      <Filter>Source Files</Filter>
    </ClCompile>
    <ClCompile Include="gui\control.cpp">
      <Filter>Source Files</Filter>
    </ClCompile>
    <ClCompile Include="gui\gui_manager.cpp">
      <Filter>Source Files</Filter>
    </ClCompile>
    <ClCompile Include="gui\label.cpp">
      <Filter>Source Files</Filter>
    </ClCompile>
    <ClCompile Include="gui\list_box.cpp">
      <Filter>Source Files</Filter>
    </ClCompile>
    <ClCompile Include="gui\slider.cpp">
      <Filter>Source Files</Filter>
    </ClCompile>
    <ClCompile Include="gui\text_engine.cpp">
      <Filter>Source Files</Filter>
    </ClCompile>
    <ClCompile Include="model\builtin_model\cube_model.cpp">
      <Filter>Source Files</Filter>
    </ClCompile>
    <ClCompile Include="model\builtin_model\quad_model.cpp">
      <Filter>Source Files</Filter>
    </ClCompile>
    <ClCompile Include="model\builtin_model\xyz_axis_model.cpp">
      <Filter>Source Files</Filter>
    </ClCompile>
  </ItemGroup>
  <ItemGroup>
    <ClInclude Include="game_board.h">
      <Filter>Header Files</Filter>
    </ClInclude>
    <ClInclude Include="gol_model.h">
      <Filter>Header Files</Filter>
    </ClInclude>
    <ClInclude Include="gol_model_manager.h">
      <Filter>Header Files</Filter>
    </ClInclude>
    <ClInclude Include="main.h">
      <Filter>Header Files</Filter>
    </ClInclude>
    <ClInclude Include="pipeline.h">
      <Filter>Header Files</Filter>
    </ClInclude>
    <ClInclude Include="shader.h">
      <Filter>Header Files</Filter>
    </ClInclude>
    <ClInclude Include="utility\utility.h">
      <Filter>Header Files</Filter>
    </ClInclude>
    <ClInclude Include="model\EG_ImportedModel.h">
      <Filter>Header Files</Filter>
    </ClInclude>
    <ClInclude Include="model\EG_Mesh.h">
      <Filter>Header Files</Filter>
    </ClInclude>
    <ClInclude Include="model\EG_ModelABS.h">
      <Filter>Header Files</Filter>
    </ClInclude>
    <ClInclude Include="model\EG_VertexData.h">
      <Filter>Header Files</Filter>
    </ClInclude>
    <ClInclude Include="model\texture.h">
      <Filter>Header Files</Filter>
    </ClInclude>
    <ClInclude Include="renderer\renderer.h">
      <Filter>Header Files</Filter>
    </ClInclude>
    <ClInclude Include="renderer\renderer_manager.h">
      <Filter>Header Files</Filter>
    </ClInclude>
    <ClInclude Include="gui\button.h">
      <Filter>Header Files</Filter>
    </ClInclude>
    <ClInclude Include="gui\control.h">
      <Filter>Header Files</Filter>
    </ClInclude>
    <ClInclude Include="gui\func_call_back.h">
      <Filter>Header Files</Filter>
    </ClInclude>
    <ClInclude Include="gui\gui_manager.h">
      <Filter>Header Files</Filter>
    </ClInclude>
    <ClInclude Include="gui\label.h">
      <Filter>Header Files</Filter>
    </ClInclude>
    <ClInclude Include="gui\list_box.h">
      <Filter>Header Files</Filter>
    </ClInclude>
    <ClInclude Include="gui\rect.h">
      <Filter>Header Files</Filter>
    </ClInclude>
    <ClInclude Include="gui\slider.h">
      <Filter>Header Files</Filter>
    </ClInclude>
    <ClInclude Include="gui\text_engine.h">
      <Filter>Header Files</Filter>
    </ClInclude>
    <ClInclude Include="model\builtin_model\cube_model.h">
      <Filter>Header Files</Filter>
    </ClInclude>
    <ClInclude Include="model\builtin_model\quad_model.h">
      <Filter>Header Files</Filter>
    </ClInclude>
    <ClInclude Include="model\builtin_model\xyz_axis_model.h">
      <Filter>Header Files</Filter>
    </ClInclude>
  </ItemGroup>
  <ItemGroup>
    <None Include="shaders\gol_render_input_with_pattern.fs" />
    <None Include="shaders\gol_render_input_with_pattern.vs" />
    <None Include="shaders\gol_render_intermediate.fs" />
    <None Include="shaders\gol_render_intermediate.vs" />
    <None Include="shaders\gol_render_simulation.fs" />
    <None Include="shaders\gol_render_simulation.vs" />
    <None Include="shaders\gol_update.fs" />
    <None Include="shaders\gol_update.vs" />
    <None Include="shaders\gol_user_input.fs" />
    <None Include="shaders\gol_user_input.vs" />
    <None Include="shaders\gol_user_input_with_pattern.fs" />
    <None Include="shaders\gol_user_input_with_pattern.vs" />
    <None Include="shaders\texture.fs" />
    <None Include="shaders\texture.vs" />
    <None Include="shaders\gui_shaders\colored_rect.fs" />
    <None Include="shaders\gui_shaders\colored_rect.vs" />
    <None Include="shaders\gui_shaders\list_box_item_highlight.fs" />
    <None Include="shaders\gui_shaders\list_box_item_highlight.vs" />
    <None Include="shaders\gui_shaders\text.fs" />
    <None Include="shaders\gui_shaders\text.vs" />
    <None Include="shaders\gui_shaders\textured_rect.fs" />
    <None Include="shaders\gui_shaders\textured_rect.vs" />
  </ItemGroup>
</Project>